dependencies:
- name: postgresql
  repository: oci://registry-1.docker.io/bitnamicharts
  version: 16.7.13
- name: redis
  repository: oci://registry-1.docker.io/bitnamicharts
  version: 21.2.5
digest: sha256:6f8fbcf86ca183f7fe5e94ef7d45b576316d16c8d6b025a411baea76c725f54c
generated: "2025-05-27T20:00:06.631203448+02:00"
